        specifier: ^2.5.0
        version: 2.5.0(bufferutil@4.0.8)(encoding@0.1.13)(utf-8-validate@5.0.10)
        specifier: ^2.5.0
        version: 2.5.0(bufferutil@4.0.8)(encoding@0.1.13)(utf-8-validate@5.0.10)
  '@magic-sdk/admin@2.5.0':
  '@magic-sdk/admin@2.5.0(bufferutil@4.0.8)(encoding@0.1.13)(utf-8-validate@5.0.10)':
