# THIS IS AN AUTOGENERATED FILE. DO NOT EDIT THIS FILE DIRECTLY.
# yarn lockfile v1


"@types/debug@^4.1.8":
  version "4.1.12"
  resolved "https://registry.yarnpkg.com/@types/debug/-/debug-4.1.12.tgz#a155f21690871953410df4b6b6f53187f0500917"
  integrity sha512-vIChWdVG3LG1SMxEvI/AK+FWJthlrqlTu7fbrlywTkkaONwk/UAGaULXRlf8vkzFBLVm0zkMdCquhL5aOjhXPQ==
  dependencies:
    "@types/ms" "*"

"@types/ms@*":
  version "0.7.34"
  resolved "https://registry.yarnpkg.com/@types/ms/-/ms-0.7.34.tgz#10964ba0dee6ac4cd462e2795b6bebd407303433"
  integrity sha512-nG96G3Wp6acyAgJqGasjODb+acrI7KltPiRxzHPXnP3NgI28bpQDRv53olbqGXbfcgF5aiiHmO3xpwEpS5Ld9g==

"@types/node@*":
  version "20.11.27"
  resolved "https://registry.yarnpkg.com/@types/node/-/node-20.11.27.tgz#debe5cfc8a507dd60fe2a3b4875b1604f215c2ac"
  integrity sha512-qyUZfMnCg1KEz57r7pzFtSGt49f6RPkPBis3Vo4PbS7roQEDn22hiHzl/Lo1q4i4hDEgBJmBF/NTNg2XR0HbFg==
  dependencies:
    undici-types "~5.26.4"

"@types/validator@^13.7.17":
  version "13.11.9"
  resolved "https://registry.yarnpkg.com/@types/validator/-/validator-13.11.9.tgz#adfe96520b437a0eaa798a475877bf2f75ee402d"
  integrity sha512-FCTsikRozryfayPuiI46QzH3fnrOoctTjvOYZkho9BTFLCOZ2rgZJHMOVgCOfttjPJcgOx52EpkY0CMfy87MIw==

debug@^4.3.4:
  version "4.3.4"
  resolved "https://registry.yarnpkg.com/debug/-/debug-4.3.4.tgz#1319f6579357f2338d3337d2cdd4914bb5dcc865"
  integrity sha512-PRWFHuSU3eDtQJPvnNY7Jcket1j0t5OuOsFzPPzsekD52Zl8qUfFIPEiswXqIvHWGVHOgX+7G/vCNNhehwxfkQ==
  dependencies:
    ms "2.1.2"

dottie@^2.0.6:
  version "2.0.6"
  resolved "https://registry.yarnpkg.com/dottie/-/dottie-2.0.6.tgz#34564ebfc6ec5e5772272d466424ad5b696484d4"
  integrity sha512-iGCHkfUc5kFekGiqhe8B/mdaurD+lakO9txNnTvKtA6PISrw86LgqHvRzWYPyoE2Ph5aMIrCw9/uko6XHTKCwA==

inflection@^1.13.4:
  version "1.13.4"
  resolved "https://registry.yarnpkg.com/inflection/-/inflection-1.13.4.tgz#65aa696c4e2da6225b148d7a154c449366633a32"
  integrity sha512-6I/HUDeYFfuNCVS3td055BaXBwKYuzw7K3ExVMStBowKo9oOAMJIXIHvdyR3iboTCp1b+1i5DSkIZTcwIktuDw==

lodash@^4.17.21:
  version "4.17.21"
  resolved "https://registry.yarnpkg.com/lodash/-/lodash-4.17.21.tgz#679591c564c3bffaae8454cf0b3df370c3d6911c"
  integrity sha512-v2kDEe57lecTulaDIuNTPy3Ry4gLGJ6Z1O3vE1krgXZNrsQ+LFTGHVxVjcXPs17LhbZVGedAJv8XZ1tvj5FvSg==

lru-cache@^6.0.0:
  version "6.0.0"
  resolved "https://registry.yarnpkg.com/lru-cache/-/lru-cache-6.0.0.tgz#6d6fe6570ebd96aaf90fcad1dafa3b2566db3a94"
  integrity sha512-Jo6dJ04CmSjuznwJSS3pUeWmd/H0ffTlkXXgwZi+eq1UCmqQwCh+eLsYOYCwY991i2Fah4h1BEMCx4qThGbsiA==
  dependencies:
    yallist "^4.0.0"

moment-timezone@^0.5.43:
  version "0.5.45"
  resolved "https://registry.yarnpkg.com/moment-timezone/-/moment-timezone-0.5.45.tgz#cb685acd56bac10e69d93c536366eb65aa6bcf5c"
  integrity sha512-HIWmqA86KcmCAhnMAN0wuDOARV/525R2+lOLotuGFzn4HO+FH+/645z2wx0Dt3iDv6/p61SIvKnDstISainhLQ==
  dependencies:
    moment "^2.29.4"

moment@^2.29.4:
  version "2.30.1"
  resolved "https://registry.yarnpkg.com/moment/-/moment-2.30.1.tgz#f8c91c07b7a786e30c59926df530b4eac96974ae"
  integrity sha512-uEmtNhbDOrWPFS+hdjFCBfy9f2YoyzRpwcl+DqpC6taX21FzsTLQVbMV/W7PzNSX6x/bhC1zA3c2UQ5NzH6how==

ms@2.1.2:
  version "2.1.2"
  resolved "https://registry.yarnpkg.com/ms/-/ms-2.1.2.tgz#d09d1f357b443f493382a8eb3ccd183872ae6009"
  integrity sha512-sGkPx+VjMtmA6MX27oA4FBFELFCZZ4S4XqeGOXCv68tT+jb3vk/RyaKWP0PTKyWtmLSM0b+adUTEvbs1PEaH2w==

pg-connection-string@^2.6.1:
  version "2.6.2"
  resolved "https://registry.yarnpkg.com/pg-connection-string/-/pg-connection-string-2.6.2.tgz#713d82053de4e2bd166fab70cd4f26ad36aab475"
  integrity sha512-ch6OwaeaPYcova4kKZ15sbJ2hKb/VP48ZD2gE7i1J+L4MspCtBMAx8nMgz7bksc7IojCIIWuEhHibSMFH8m8oA==

retry-as-promised@^7.0.4:
  version "7.0.4"
  resolved "https://registry.yarnpkg.com/retry-as-promised/-/retry-as-promised-7.0.4.tgz#9df73adaeea08cb2948b9d34990549dc13d800a2"
  integrity sha512-XgmCoxKWkDofwH8WddD0w85ZfqYz+ZHlr5yo+3YUCfycWawU56T5ckWXsScsj5B8tqUcIG67DxXByo3VUgiAdA==

semver@^7.5.4:
  version "7.6.0"
  resolved "https://registry.yarnpkg.com/semver/-/semver-7.6.0.tgz#1a46a4db4bffcccd97b743b5005c8325f23d4e2d"
  integrity sha512-EnwXhrlwXMk9gKu5/flx5sv/an57AkRplG3hTK68W7FRDN+k+OWBj65M7719OkA82XLBxrcX0KSHj+X5COhOVg==
  dependencies:
    lru-cache "^6.0.0"

sequelize-pool@^7.1.0:
  version "7.1.0"
  resolved "https://registry.yarnpkg.com/sequelize-pool/-/sequelize-pool-7.1.0.tgz#210b391af4002762f823188fd6ecfc7413020768"
  integrity sha512-G9c0qlIWQSK29pR/5U2JF5dDQeqqHRragoyahj/Nx4KOOQ3CPPfzxnfqFPCSB7x5UgjOgnZ61nSxz+fjDpRlJg==

sequelize@^6.32.1:
  version "6.37.1"
  resolved "https://registry.yarnpkg.com/sequelize/-/sequelize-6.37.1.tgz#9380fe0a3b5ff17638d3fce30c3cf3a2396c2343"
  integrity sha512-vIKKzQ9dGp2aBOxQRD1FmUYViuQiKXSJ8yah8TsaBx4U3BokJt+Y2A0qz2C4pj08uX59qpWxRqSLEfRmVOEgQw==
  dependencies:
    "@types/debug" "^4.1.8"
    "@types/validator" "^13.7.17"
    debug "^4.3.4"
    dottie "^2.0.6"
    inflection "^1.13.4"
    lodash "^4.17.21"
    moment "^2.29.4"
    moment-timezone "^0.5.43"
    pg-connection-string "^2.6.1"
    retry-as-promised "^7.0.4"
    semver "^7.5.4"
    sequelize-pool "^7.1.0"
    toposort-class "^1.0.1"
    uuid "^8.3.2"
    validator "^13.9.0"
    wkx "^0.5.0"

toposort-class@^1.0.1:
  version "1.0.1"
  resolved "https://registry.yarnpkg.com/toposort-class/-/toposort-class-1.0.1.tgz#7ffd1f78c8be28c3ba45cd4e1a3f5ee193bd9988"
  integrity sha512-OsLcGGbYF3rMjPUf8oKktyvCiUxSbqMMS39m33MAjLTC1DVIH6x3WSt63/M77ihI09+Sdfk1AXvfhCEeUmC7mg==

undici-types@~5.26.4:
  version "5.26.5"
  resolved "https://registry.yarnpkg.com/undici-types/-/undici-types-5.26.5.tgz#bcd539893d00b56e964fd2657a4866b221a65617"
  integrity sha512-JlCMO+ehdEIKqlFxk6IfVoAUVmgz7cU7zD/h9XZ0qzeosSHmUJVOzSQvvYSYWXkFXC+IfLKSIffhv0sVZup6pA==

uuid@^8.3.2:
  version "8.3.2"
  resolved "https://registry.yarnpkg.com/uuid/-/uuid-8.3.2.tgz#80d5b5ced271bb9af6c445f21a1a04c606cefbe2"
  integrity sha512-+NYs2QeMWy+GWFOEm9xnn6HCDp0l7QBD7ml8zLUmJ+93Q5NF0NocErnwkTkXVFNiX3/fpC6afS8Dhb/gz7R7eg==

validator@^13.9.0:
  version "13.11.0"
  resolved "https://registry.yarnpkg.com/validator/-/validator-13.11.0.tgz#23ab3fd59290c61248364eabf4067f04955fbb1b"
  integrity sha512-Ii+sehpSfZy+At5nPdnyMhx78fEoPDkR2XW/zimHEL3MyGJQOCQ7WeP20jPYRz7ZCpcKLB21NxuXHF3bxjStBQ==

wkx@^0.5.0:
  version "0.5.0"
  resolved "https://registry.yarnpkg.com/wkx/-/wkx-0.5.0.tgz#c6c37019acf40e517cc6b94657a25a3d4aa33e8c"
  integrity sha512-Xng/d4Ichh8uN4l0FToV/258EjMGU9MGcA0HV2d9B/ZpZB3lqQm7nkOdZdm5GhKtLLhAE7PiVQwN4eN+2YJJUg==
  dependencies:
    "@types/node" "*"

yallist@^4.0.0:
  version "4.0.0"
  resolved "https://registry.yarnpkg.com/yallist/-/yallist-4.0.0.tgz#9bb92790d9c0effec63be73519e11a35019a3a72"
  integrity sha512-3wdGidZyq5PB084XLES5TpOSRA3wjXAlIWMhum2kRcv/41Sn2emQ0dycQW4uZXLejwKvg6EsvbdlVL+FYEct7A==
